
Microsoft Visual Studio Solution File, Format Version 12.00
# Visual Studio 2017
Project("{FAE04EC0-301F-11D3-BF4B-00C04F79EFBC}") = "BigBearMahjong", "BigBearMahjong.csproj", "{43C520F9-C6ED-DF5C-CF19-C33AC54B1079}"
EndProject
Project("{FAE04EC0-301F-11D3-BF4B-00C04F79EFBC}") = "BigBearMahjong.Editor", "BigBearMahjong.Editor.csproj", "{C8A570A6-C7E5-B83E-EC40-46EACE912B73}"
EndProject
Global
	GlobalSection(SolutionConfigurationPlatforms) = preSolution
		Debug|Any CPU = Debug|Any CPU
		Release|Any CPU = Release|Any CPU
	EndGlobalSection
	GlobalSection(ProjectConfigurationPlatforms) = postSolution
		{43C520F9-C6ED-DF5C-CF19-C33AC54B1079}.Debug|Any CPU.ActiveCfg = Debug|Any CPU
		{43C520F9-C6ED-DF5C-CF19-C33AC54B1079}.Debug|Any CPU.Build.0 = Debug|Any CPU
		{43C520F9-C6ED-DF5C-CF19-C33AC54B1079}.Release|Any CPU.ActiveCfg = Release|Any CPU
		{43C520F9-C6ED-DF5C-CF19-C33AC54B1079}.Release|Any CPU.Build.0 = Release|Any CPU
		{C8A570A6-C7E5-B83E-EC40-46EACE912B73}.Debug|Any CPU.ActiveCfg = Debug|Any CPU
		{C8A570A6-C7E5-B83E-EC40-46EACE912B73}.Debug|Any CPU.Build.0 = Debug|Any CPU
		{C8A570A6-C7E5-B83E-EC40-46EACE912B73}.Release|Any CPU.ActiveCfg = Release|Any CPU
		{C8A570A6-C7E5-B83E-EC40-46EACE912B73}.Release|Any CPU.Build.0 = Release|Any CPU
	EndGlobalSection
	GlobalSection(SolutionProperties) = preSolution
		HideSolutionNode = FALSE
	EndGlobalSection
EndGlobal
