
Microsoft Visual Studio Solution File, Format Version 11.00
# Visual Studio 2010
Project("{FAE04EC0-301F-11D3-BF4B-00C04F79EFBC}") = "BigBearMahjong", "Assembly-CSharp.csproj", "{A845A553-9574-ED4A-9523-7265BC088861}"
EndProject
Project("{FAE04EC0-301F-11D3-BF4B-00C04F79EFBC}") = "BigBearMahjong", "Assembly-CSharp-Editor.csproj", "{2846C09B-8F8D-0844-7B1D-2F5CEC0BBF18}"
EndProject
Global
	GlobalSection(SolutionConfigurationPlatforms) = preSolution
		Debug|Any CPU = Debug|Any CPU
		Release|Any CPU = Release|Any CPU
	EndGlobalSection
	GlobalSection(ProjectConfigurationPlatforms) = postSolution
		{A845A553-9574-ED4A-9523-7265BC088861}.Debug|Any CPU.ActiveCfg = Debug|Any CPU
		{A845A553-9574-ED4A-9523-7265BC088861}.Debug|Any CPU.Build.0 = Debug|Any CPU
		{A845A553-9574-ED4A-9523-7265BC088861}.Release|Any CPU.ActiveCfg = Release|Any CPU
		{A845A553-9574-ED4A-9523-7265BC088861}.Release|Any CPU.Build.0 = Release|Any CPU
		{2846C09B-8F8D-0844-7B1D-2F5CEC0BBF18}.Debug|Any CPU.ActiveCfg = Debug|Any CPU
		{2846C09B-8F8D-0844-7B1D-2F5CEC0BBF18}.Debug|Any CPU.Build.0 = Debug|Any CPU
		{2846C09B-8F8D-0844-7B1D-2F5CEC0BBF18}.Release|Any CPU.ActiveCfg = Release|Any CPU
		{2846C09B-8F8D-0844-7B1D-2F5CEC0BBF18}.Release|Any CPU.Build.0 = Release|Any CPU
	EndGlobalSection
	GlobalSection(SolutionProperties) = preSolution
		HideSolutionNode = FALSE
	EndGlobalSection
	GlobalSection(MonoDevelopProperties) = preSolution
		StartupItem = Assembly-CSharp.csproj
	EndGlobalSection
EndGlobal
